
Microsoft Visual Studio Solution File, Format Version 12.00
# Visual Studio Version 17
VisualStudioVersion = 17.14.36414.22
MinimumVisualStudioVersion = 10.0.40219.1
Project("{FAE04EC0-301F-11D3-BF4B-00C04F79EFBC}") = "OstadEmptyProject", "OstadEmptyProject\OstadEmptyProject.csproj", "{D10BCF89-8748-4485-852D-77E138290C08}"
EndProject
Project("{FAE04EC0-301F-11D3-BF4B-00C04F79EFBC}") = "OstadFirstMVC", "OstadFirstMVC\OstadFirstMVC.csproj", "{73AE178F-9DF2-4D02-B102-664D685E3E79}"
EndProject
Project("{FAE04EC0-301F-11D3-BF4B-00C04F79EFBC}") = "StudentPortal", "StudentPortal\StudentPortal.csproj", "{5403B988-639B-44F7-AEFA-DBD121A5E310}"
EndProject
Project("{FAE04EC0-301F-11D3-BF4B-00C04F79EFBC}") = "ProductInfo", "ProductInfo\ProductInfo.csproj", "{0F90355F-3E1E-4198-8358-D572F42014C0}"
EndProject
Project("{FAE04EC0-301F-11D3-BF4B-00C04F79EFBC}") = "CSharpEssential", "CSharpEssential\CSharpEssential.csproj", "{6BE89783-4B38-445D-B173-0457CCA6982C}"
EndProject
Project("{FAE04EC0-301F-11D3-BF4B-00C04F79EFBC}") = "GenericExample", "GenericExample\GenericExample.csproj", "{B8C39EE2-6001-434E-A8DD-F7CD0F4B0ABF}"
EndProject
Project("{FAE04EC0-301F-11D3-BF4B-00C04F79EFBC}") = "DelegateExample", "DelegateExample\DelegateExample.csproj", "{F6CB7A61-EBA4-4388-AE74-8121ABB1941F}"
EndProject
Project("{FAE04EC0-301F-11D3-BF4B-00C04F79EFBC}") = "CollectionExample", "CollectionExample\CollectionExample.csproj", "{7C0D72E9-A09A-41E1-9ACB-86F4B81DBC07}"
EndProject
Project("{FAE04EC0-301F-11D3-BF4B-00C04F79EFBC}") = "LINQExample", "LINQExample\LINQExample.csproj", "{ABD91DF7-11AF-4FA5-922D-07525B5016B0}"
EndProject
Project("{FAE04EC0-301F-11D3-BF4B-00C04F79EFBC}") = "FirstAdoDemoApp", "FirstAdoDemoApp\FirstAdoDemoApp.csproj", "{0C9CE8B3-9D16-4286-91BA-E58F95FEA98F}"
EndProject
Project("{FAE04EC0-301F-11D3-BF4B-00C04F79EFBC}") = "ADOWithSPOutputParam", "ADOWithSPOutputParam\ADOWithSPOutputParam.csproj", "{287FFB08-AABC-4B92-83B7-3460505DCF4A}"
EndProject
Project("{FAE04EC0-301F-11D3-BF4B-00C04F79EFBC}") = "EntityFrameworkExample", "EntityFrameworkExample\EntityFrameworkExample.csproj", "{1D7744CF-8B97-43FC-B928-107D97A7BB24}"
EndProject
Project("{FAE04EC0-301F-11D3-BF4B-00C04F79EFBC}") = "SolidExample", "DependencyInjectionExample\SolidExample.csproj", "{70DB332F-3694-4652-9D31-84C464B71F58}"
EndProject
Project("{FAE04EC0-301F-11D3-BF4B-00C04F79EFBC}") = "DIExample", "DIExample\DIExample.csproj", "{8DE33E8F-BEB3-4748-8185-6494D5B38036}"
EndProject
Global
	GlobalSection(SolutionConfigurationPlatforms) = preSolution
		Debug|Any CPU = Debug|Any CPU
		Release|Any CPU = Release|Any CPU
	EndGlobalSection
	GlobalSection(ProjectConfigurationPlatforms) = postSolution
		{D10BCF89-8748-4485-852D-77E138290C08}.Debug|Any CPU.ActiveCfg = Debug|Any CPU
		{D10BCF89-8748-4485-852D-77E138290C08}.Debug|Any CPU.Build.0 = Debug|Any CPU
		{D10BCF89-8748-4485-852D-77E138290C08}.Release|Any CPU.ActiveCfg = Release|Any CPU
		{D10BCF89-8748-4485-852D-77E138290C08}.Release|Any CPU.Build.0 = Release|Any CPU
		{73AE178F-9DF2-4D02-B102-664D685E3E79}.Debug|Any CPU.ActiveCfg = Debug|Any CPU
		{73AE178F-9DF2-4D02-B102-664D685E3E79}.Debug|Any CPU.Build.0 = Debug|Any CPU
		{73AE178F-9DF2-4D02-B102-664D685E3E79}.Release|Any CPU.ActiveCfg = Release|Any CPU
		{73AE178F-9DF2-4D02-B102-664D685E3E79}.Release|Any CPU.Build.0 = Release|Any CPU
		{5403B988-639B-44F7-AEFA-DBD121A5E310}.Debug|Any CPU.ActiveCfg = Debug|Any CPU
		{5403B988-639B-44F7-AEFA-DBD121A5E310}.Debug|Any CPU.Build.0 = Debug|Any CPU
		{5403B988-639B-44F7-AEFA-DBD121A5E310}.Release|Any CPU.ActiveCfg = Release|Any CPU
		{5403B988-639B-44F7-AEFA-DBD121A5E310}.Release|Any CPU.Build.0 = Release|Any CPU
		{0F90355F-3E1E-4198-8358-D572F42014C0}.Debug|Any CPU.ActiveCfg = Debug|Any CPU
		{0F90355F-3E1E-4198-8358-D572F42014C0}.Debug|Any CPU.Build.0 = Debug|Any CPU
		{0F90355F-3E1E-4198-8358-D572F42014C0}.Release|Any CPU.ActiveCfg = Release|Any CPU
		{0F90355F-3E1E-4198-8358-D572F42014C0}.Release|Any CPU.Build.0 = Release|Any CPU
		{6BE89783-4B38-445D-B173-0457CCA6982C}.Debug|Any CPU.ActiveCfg = Debug|Any CPU
		{6BE89783-4B38-445D-B173-0457CCA6982C}.Debug|Any CPU.Build.0 = Debug|Any CPU
		{6BE89783-4B38-445D-B173-0457CCA6982C}.Release|Any CPU.ActiveCfg = Release|Any CPU
		{6BE89783-4B38-445D-B173-0457CCA6982C}.Release|Any CPU.Build.0 = Release|Any CPU
		{B8C39EE2-6001-434E-A8DD-F7CD0F4B0ABF}.Debug|Any CPU.ActiveCfg = Debug|Any CPU
		{B8C39EE2-6001-434E-A8DD-F7CD0F4B0ABF}.Debug|Any CPU.Build.0 = Debug|Any CPU
		{B8C39EE2-6001-434E-A8DD-F7CD0F4B0ABF}.Release|Any CPU.ActiveCfg = Release|Any CPU
		{B8C39EE2-6001-434E-A8DD-F7CD0F4B0ABF}.Release|Any CPU.Build.0 = Release|Any CPU
		{F6CB7A61-EBA4-4388-AE74-8121ABB1941F}.Debug|Any CPU.ActiveCfg = Debug|Any CPU
		{F6CB7A61-EBA4-4388-AE74-8121ABB1941F}.Debug|Any CPU.Build.0 = Debug|Any CPU
		{F6CB7A61-EBA4-4388-AE74-8121ABB1941F}.Release|Any CPU.ActiveCfg = Release|Any CPU
		{F6CB7A61-EBA4-4388-AE74-8121ABB1941F}.Release|Any CPU.Build.0 = Release|Any CPU
		{7C0D72E9-A09A-41E1-9ACB-86F4B81DBC07}.Debug|Any CPU.ActiveCfg = Debug|Any CPU
		{7C0D72E9-A09A-41E1-9ACB-86F4B81DBC07}.Debug|Any CPU.Build.0 = Debug|Any CPU
		{7C0D72E9-A09A-41E1-9ACB-86F4B81DBC07}.Release|Any CPU.ActiveCfg = Release|Any CPU
		{7C0D72E9-A09A-41E1-9ACB-86F4B81DBC07}.Release|Any CPU.Build.0 = Release|Any CPU
		{ABD91DF7-11AF-4FA5-922D-07525B5016B0}.Debug|Any CPU.ActiveCfg = Debug|Any CPU
		{ABD91DF7-11AF-4FA5-922D-07525B5016B0}.Debug|Any CPU.Build.0 = Debug|Any CPU
		{ABD91DF7-11AF-4FA5-922D-07525B5016B0}.Release|Any CPU.ActiveCfg = Release|Any CPU
		{ABD91DF7-11AF-4FA5-922D-07525B5016B0}.Release|Any CPU.Build.0 = Release|Any CPU
		{0C9CE8B3-9D16-4286-91BA-E58F95FEA98F}.Debug|Any CPU.ActiveCfg = Debug|Any CPU
		{0C9CE8B3-9D16-4286-91BA-E58F95FEA98F}.Debug|Any CPU.Build.0 = Debug|Any CPU
		{0C9CE8B3-9D16-4286-91BA-E58F95FEA98F}.Release|Any CPU.ActiveCfg = Release|Any CPU
		{0C9CE8B3-9D16-4286-91BA-E58F95FEA98F}.Release|Any CPU.Build.0 = Release|Any CPU
		{287FFB08-AABC-4B92-83B7-3460505DCF4A}.Debug|Any CPU.ActiveCfg = Debug|Any CPU
		{287FFB08-AABC-4B92-83B7-3460505DCF4A}.Debug|Any CPU.Build.0 = Debug|Any CPU
		{287FFB08-AABC-4B92-83B7-3460505DCF4A}.Release|Any CPU.ActiveCfg = Release|Any CPU
		{287FFB08-AABC-4B92-83B7-3460505DCF4A}.Release|Any CPU.Build.0 = Release|Any CPU
		{1D7744CF-8B97-43FC-B928-107D97A7BB24}.Debug|Any CPU.ActiveCfg = Debug|Any CPU
		{1D7744CF-8B97-43FC-B928-107D97A7BB24}.Debug|Any CPU.Build.0 = Debug|Any CPU
		{1D7744CF-8B97-43FC-B928-107D97A7BB24}.Release|Any CPU.ActiveCfg = Release|Any CPU
		{1D7744CF-8B97-43FC-B928-107D97A7BB24}.Release|Any CPU.Build.0 = Release|Any CPU
		{70DB332F-3694-4652-9D31-84C464B71F58}.Debug|Any CPU.ActiveCfg = Debug|Any CPU
		{70DB332F-3694-4652-9D31-84C464B71F58}.Debug|Any CPU.Build.0 = Debug|Any CPU
		{70DB332F-3694-4652-9D31-84C464B71F58}.Release|Any CPU.ActiveCfg = Release|Any CPU
		{70DB332F-3694-4652-9D31-84C464B71F58}.Release|Any CPU.Build.0 = Release|Any CPU
		{8DE33E8F-BEB3-4748-8185-6494D5B38036}.Debug|Any CPU.ActiveCfg = Debug|Any CPU
		{8DE33E8F-BEB3-4748-8185-6494D5B38036}.Debug|Any CPU.Build.0 = Debug|Any CPU
		{8DE33E8F-BEB3-4748-8185-6494D5B38036}.Release|Any CPU.ActiveCfg = Release|Any CPU
		{8DE33E8F-BEB3-4748-8185-6494D5B38036}.Release|Any CPU.Build.0 = Release|Any CPU
	EndGlobalSection
	GlobalSection(SolutionProperties) = preSolution
		HideSolutionNode = FALSE
	EndGlobalSection
	GlobalSection(ExtensibilityGlobals) = postSolution
		SolutionGuid = {9059B8A1-3EFF-4D25-899F-101BC118F108}
	EndGlobalSection
EndGlobal
